// !$*UTF8*$!
{
	archiveVersion = 1;
	classes = {
	};
	objectVersion = 50;
	objects = {

/* Begin PBXBuildFile section */
		5803E771269BC6AE00831199 /* Spinning.swift in Sources */ = {isa = PBXBuildFile; fileRef = 5803E770269BC6AE00831199 /* Spinning.swift */; };
		5803E773269BD01100831199 /* PaletteChooser.swift in Sources */ = {isa = PBXBuildFile; fileRef = 5803E772269BD01100831199 /* PaletteChooser.swift */; };
		5803E775269BD69F00831199 /* EmojiArtDocumentPalette.swift in Sources */ = {isa = PBXBuildFile; fileRef = 5803E774269BD69F00831199 /* EmojiArtDocumentPalette.swift */; };
		5844EF4E269048DD00F0134A /* AppDelegate.swift in Sources */ = {isa = PBXBuildFile; fileRef = 5844EF4D269048DD00F0134A /* AppDelegate.swift */; };
		5844EF50269048DD00F0134A /* SceneDelegate.swift in Sources */ = {isa = PBXBuildFile; fileRef = 5844EF4F269048DD00F0134A /* SceneDelegate.swift */; };
		5844EF52269048DD00F0134A /* EmojiArtDocumentView.swift in Sources */ = {isa = PBXBuildFile; fileRef = 5844EF51269048DD00F0134A /* EmojiArtDocumentView.swift */; };
		5844EF54269048DE00F0134A /* Assets.xcassets in Resources */ = {isa = PBXBuildFile; fileRef = 5844EF53269048DE00F0134A /* Assets.xcassets */; };
		5844EF57269048DE00F0134A /* Preview Assets.xcassets in Resources */ = {isa = PBXBuildFile; fileRef = 5844EF56269048DE00F0134A /* Preview Assets.xcassets */; };
		5844EF5A269048DE00F0134A /* LaunchScreen.storyboard in Resources */ = {isa = PBXBuildFile; fileRef = 5844EF58269048DE00F0134A /* LaunchScreen.storyboard */; };
		5844EF622690495800F0134A /* EmojiArtDocument.swift in Sources */ = {isa = PBXBuildFile; fileRef = 5844EF612690495800F0134A /* EmojiArtDocument.swift */; };
		5844EF6426904EA100F0134A /* EmojiArt.swift in Sources */ = {isa = PBXBuildFile; fileRef = 5844EF6326904EA100F0134A /* EmojiArt.swift */; };
		5844EF662690538D00F0134A /* EmojiArtExtensions.swift in Sources */ = {isa = PBXBuildFile; fileRef = 5844EF652690538D00F0134A /* EmojiArtExtensions.swift */; };
		58A0177826ACD9CE005EBF34 /* Grid.swift in Sources */ = {isa = PBXBuildFile; fileRef = 58A0177626ACD9CE005EBF34 /* Grid.swift */; };
		58A0177926ACD9CE005EBF34 /* GridLayout.swift in Sources */ = {isa = PBXBuildFile; fileRef = 58A0177726ACD9CE005EBF34 /* GridLayout.swift */; };
		58A0177B26AE36D7005EBF34 /* EmojiArtDocumentStore.swift in Sources */ = {isa = PBXBuildFile; fileRef = 58A0177A26AE36D6005EBF34 /* EmojiArtDocumentStore.swift */; };
		58A0177D26AE3A9C005EBF34 /* EmojiArtDocumentChooser.swift in Sources */ = {isa = PBXBuildFile; fileRef = 58A0177C26AE3A9C005EBF34 /* EmojiArtDocumentChooser.swift */; };
		58A0177F26AE4931005EBF34 /* EditableText.swift in Sources */ = {isa = PBXBuildFile; fileRef = 58A0177E26AE4931005EBF34 /* EditableText.swift */; };
		58B8C3C726995E2B00D54DDF /* OptionalImage.swift in Sources */ = {isa = PBXBuildFile; fileRef = 58B8C3C626995E2B00D54DDF /* OptionalImage.swift */; };
		58B8C3C92699621500D54DDF /* AnimatableSystemFontModifier.swift in Sources */ = {isa = PBXBuildFile; fileRef = 58B8C3C82699621500D54DDF /* AnimatableSystemFontModifier.swift */; };
/* End PBXBuildFile section */

/* Begin PBXFileReference section */
		5803E770269BC6AE00831199 /* Spinning.swift */ = {isa = PBXFileReference; lastKnownFileType = sourcecode.swift; path = Spinning.swift; sourceTree = "<group>"; };
		5803E772269BD01100831199 /* PaletteChooser.swift */ = {isa = PBXFileReference; lastKnownFileType = sourcecode.swift; path = PaletteChooser.swift; sourceTree = "<group>"; };
		5803E774269BD69F00831199 /* EmojiArtDocumentPalette.swift */ = {isa = PBXFileReference; fileEncoding = 4; lastKnownFileType = sourcecode.swift; path = EmojiArtDocumentPalette.swift; sourceTree = "<group>"; };
		5844EF4A269048DD00F0134A /* EmojiArt.app */ = {isa = PBXFileReference; explicitFileType = wrapper.application; includeInIndex = 0; path = EmojiArt.app; sourceTree = BUILT_PRODUCTS_DIR; };
		5844EF4D269048DD00F0134A /* AppDelegate.swift */ = {isa = PBXFileReference; lastKnownFileType = sourcecode.swift; path = AppDelegate.swift; sourceTree = "<group>"; };
		5844EF4F269048DD00F0134A /* SceneDelegate.swift */ = {isa = PBXFileReference; lastKnownFileType = sourcecode.swift; path = SceneDelegate.swift; sourceTree = "<group>"; };
		5844EF51269048DD00F0134A /* EmojiArtDocumentView.swift */ = {isa = PBXFileReference; lastKnownFileType = sourcecode.swift; path = EmojiArtDocumentView.swift; sourceTree = "<group>"; };
		5844EF53269048DE00F0134A /* Assets.xcassets */ = {isa = PBXFileReference; lastKnownFileType = folder.assetcatalog; path = Assets.xcassets; sourceTree = "<group>"; };
		5844EF56269048DE00F0134A /* Preview Assets.xcassets */ = {isa = PBXFileReference; lastKnownFileType = folder.assetcatalog; path = "Preview Assets.xcassets"; sourceTree = "<group>"; };
		5844EF59269048DE00F0134A /* Base */ = {isa = PBXFileReference; lastKnownFileType = file.storyboard; name = Base; path = Base.lproj/LaunchScreen.storyboard; sourceTree = "<group>"; };
		5844EF5B269048DE00F0134A /* Info.plist */ = {isa = PBXFileReference; lastKnownFileType = text.plist.xml; path = Info.plist; sourceTree = "<group>"; };
		5844EF612690495800F0134A /* EmojiArtDocument.swift */ = {isa = PBXFileReference; lastKnownFileType = sourcecode.swift; path = EmojiArtDocument.swift; sourceTree = "<group>"; };
		5844EF6326904EA100F0134A /* EmojiArt.swift */ = {isa = PBXFileReference; lastKnownFileType = sourcecode.swift; path = EmojiArt.swift; sourceTree = "<group>"; };
		5844EF652690538D00F0134A /* EmojiArtExtensions.swift */ = {isa = PBXFileReference; fileEncoding = 4; lastKnownFileType = sourcecode.swift; path = EmojiArtExtensions.swift; sourceTree = "<group>"; };
		58A0177626ACD9CE005EBF34 /* Grid.swift */ = {isa = PBXFileReference; fileEncoding = 4; lastKnownFileType = sourcecode.swift; name = Grid.swift; path = ../../Memorize/Memorize/Grid.swift; sourceTree = "<group>"; };
		58A0177726ACD9CE005EBF34 /* GridLayout.swift */ = {isa = PBXFileReference; fileEncoding = 4; lastKnownFileType = sourcecode.swift; name = GridLayout.swift; path = ../../Memorize/Memorize/GridLayout.swift; sourceTree = "<group>"; };
		58A0177A26AE36D6005EBF34 /* EmojiArtDocumentStore.swift */ = {isa = PBXFileReference; fileEncoding = 4; lastKnownFileType = sourcecode.swift; path = EmojiArtDocumentStore.swift; sourceTree = "<group>"; };
		58A0177C26AE3A9C005EBF34 /* EmojiArtDocumentChooser.swift */ = {isa = PBXFileReference; lastKnownFileType = sourcecode.swift; path = EmojiArtDocumentChooser.swift; sourceTree = "<group>"; };
		58A0177E26AE4931005EBF34 /* EditableText.swift */ = {isa = PBXFileReference; fileEncoding = 4; lastKnownFileType = sourcecode.swift; path = EditableText.swift; sourceTree = "<group>"; };
		58B8C3C626995E2B00D54DDF /* OptionalImage.swift */ = {isa = PBXFileReference; lastKnownFileType = sourcecode.swift; path = OptionalImage.swift; sourceTree = "<group>"; };
		58B8C3C82699621500D54DDF /* AnimatableSystemFontModifier.swift */ = {isa = PBXFileReference; fileEncoding = 4; lastKnownFileType = sourcecode.swift; path = AnimatableSystemFontModifier.swift; sourceTree = "<group>"; };
/* End PBXFileReference section */

/* Begin PBXFrameworksBuildPhase section */
		5844EF47269048DD00F0134A /* Frameworks */ = {
			isa = PBXFrameworksBuildPhase;
			buildActionMask = 2147483647;
			files = (
			);
			runOnlyForDeploymentPostprocessing = 0;
		};
/* End PBXFrameworksBuildPhase section */

/* Begin PBXGroup section */
		5844EF41269048DD00F0134A = {
			isa = PBXGroup;
			children = (
				5844EF4C269048DD00F0134A /* EmojiArt */,
				5844EF4B269048DD00F0134A /* Products */,
			);
			sourceTree = "<group>";
		};
		5844EF4B269048DD00F0134A /* Products */ = {
			isa = PBXGroup;
			children = (
				5844EF4A269048DD00F0134A /* EmojiArt.app */,
			);
			name = Products;
			sourceTree = "<group>";
		};
		5844EF4C269048DD00F0134A /* EmojiArt */ = {
			isa = PBXGroup;
			children = (
				5844EF6326904EA100F0134A /* EmojiArt.swift */,
				5844EF612690495800F0134A /* EmojiArtDocument.swift */,
				58A0177A26AE36D6005EBF34 /* EmojiArtDocumentStore.swift */,
				58A0177C26AE3A9C005EBF34 /* EmojiArtDocumentChooser.swift */,
				5803E772269BD01100831199 /* PaletteChooser.swift */,
				58A0177E26AE4931005EBF34 /* EditableText.swift */,
				5844EF51269048DD00F0134A /* EmojiArtDocumentView.swift */,
				5803E774269BD69F00831199 /* EmojiArtDocumentPalette.swift */,
				5803E770269BC6AE00831199 /* Spinning.swift */,
				58B8C3C626995E2B00D54DDF /* OptionalImage.swift */,
				58B8C3C82699621500D54DDF /* AnimatableSystemFontModifier.swift */,
				5844EF652690538D00F0134A /* EmojiArtExtensions.swift */,
				5844EF4D269048DD00F0134A /* AppDelegate.swift */,
				5844EF4F269048DD00F0134A /* SceneDelegate.swift */,
				58A0177626ACD9CE005EBF34 /* Grid.swift */,
				58A0177726ACD9CE005EBF34 /* GridLayout.swift */,
				5844EF53269048DE00F0134A /* Assets.xcassets */,
				5844EF58269048DE00F0134A /* LaunchScreen.storyboard */,
				5844EF5B269048DE00F0134A /* Info.plist */,
				5844EF55269048DE00F0134A /* Preview Content */,
			);
			path = EmojiArt;
			sourceTree = "<group>";
		};
		5844EF55269048DE00F0134A /* Preview Content */ = {
			isa = PBXGroup;
			children = (
				5844EF56269048DE00F0134A /* Preview Assets.xcassets */,
			);
			path = "Preview Content";
			sourceTree = "<group>";
		};
/* End PBXGroup section */

/* Begin PBXNativeTarget section */
		5844EF49269048DD00F0134A /* EmojiArt */ = {
			isa = PBXNativeTarget;
			buildConfigurationList = 5844EF5E269048DE00F0134A /* Build configuration list for PBXNativeTarget "EmojiArt" */;
			buildPhases = (
				5844EF46269048DD00F0134A /* Sources */,
				5844EF47269048DD00F0134A /* Frameworks */,
				5844EF48269048DD00F0134A /* Resources */,
			);
			buildRules = (
			);
			dependencies = (
			);
			name = EmojiArt;
			productName = EmojiArt;
			productReference = 5844EF4A269048DD00F0134A /* EmojiArt.app */;
			productType = "com.apple.product-type.application";
		};
/* End PBXNativeTarget section */

/* Begin PBXProject section */
		5844EF42269048DD00F0134A /* Project object */ = {
			isa = PBXProject;
			attributes = {
				LastSwiftUpdateCheck = 1250;
				LastUpgradeCheck = 1250;
				TargetAttributes = {
					5844EF49269048DD00F0134A = {
						CreatedOnToolsVersion = 12.5;
					};
				};
			};
			buildConfigurationList = 5844EF45269048DD00F0134A /* Build configuration list for PBXProject "EmojiArt" */;
			compatibilityVersion = "Xcode 9.3";
			developmentRegion = en;
			hasScannedForEncodings = 0;
			knownRegions = (
				en,
				Base,
			);
			mainGroup = 5844EF41269048DD00F0134A;
			productRefGroup = 5844EF4B269048DD00F0134A /* Products */;
			projectDirPath = "";
			projectRoot = "";
			targets = (
				5844EF49269048DD00F0134A /* EmojiArt */,
			);
		};
/* End PBXProject section */

/* Begin PBXResourcesBuildPhase section */
		5844EF48269048DD00F0134A /* Resources */ = {
			isa = PBXResourcesBuildPhase;
			buildActionMask = 2147483647;
			files = (
				5844EF5A269048DE00F0134A /* LaunchScreen.storyboard in Resources */,
				5844EF57269048DE00F0134A /* Preview Assets.xcassets in Resources */,
				5844EF54269048DE00F0134A /* Assets.xcassets in Resources */,
			);
			runOnlyForDeploymentPostprocessing = 0;
		};
/* End PBXResourcesBuildPhase section */

/* Begin PBXSourcesBuildPhase section */
		5844EF46269048DD00F0134A /* Sources */ = {
			isa = PBXSourcesBuildPhase;
			buildActionMask = 2147483647;
			files = (
				5803E775269BD69F00831199 /* EmojiArtDocumentPalette.swift in Sources */,
				5844EF4E269048DD00F0134A /* AppDelegate.swift in Sources */,
				5844EF50269048DD00F0134A /* SceneDelegate.swift in Sources */,
				5844EF662690538D00F0134A /* EmojiArtExtensions.swift in Sources */,
				5844EF6426904EA100F0134A /* EmojiArt.swift in Sources */,
				5844EF52269048DD00F0134A /* EmojiArtDocumentView.swift in Sources */,
				58A0177926ACD9CE005EBF34 /* GridLayout.swift in Sources */,
				58B8C3C726995E2B00D54DDF /* OptionalImage.swift in Sources */,
				5803E771269BC6AE00831199 /* Spinning.swift in Sources */,
				58A0177B26AE36D7005EBF34 /* EmojiArtDocumentStore.swift in Sources */,
				58B8C3C92699621500D54DDF /* AnimatableSystemFontModifier.swift in Sources */,
				58A0177D26AE3A9C005EBF34 /* EmojiArtDocumentChooser.swift in Sources */,
				58A0177F26AE4931005EBF34 /* EditableText.swift in Sources */,
				5844EF622690495800F0134A /* EmojiArtDocument.swift in Sources */,
				5803E773269BD01100831199 /* PaletteChooser.swift in Sources */,
				58A0177826ACD9CE005EBF34 /* Grid.swift in Sources */,
			);
			runOnlyForDeploymentPostprocessing = 0;
		};
/* End PBXSourcesBuildPhase section */

/* Begin PBXVariantGroup section */
		5844EF58269048DE00F0134A /* LaunchScreen.storyboard */ = {
			isa = PBXVariantGroup;
			children = (
				5844EF59269048DE00F0134A /* Base */,
			);
			name = LaunchScreen.storyboard;
			sourceTree = "<group>";
		};
/* End PBXVariantGroup section */

/* Begin XCBuildConfiguration section */
		5844EF5C269048DE00F0134A /* Debug */ = {
			isa = XCBuildConfiguration;
			buildSettings = {
				ALWAYS_SEARCH_USER_PATHS = NO;
				CLANG_ANALYZER_NONNULL = YES;
				CLANG_ANALYZER_NUMBER_OBJECT_CONVERSION = YES_AGGRESSIVE;
				CLANG_CXX_LANGUAGE_STANDARD = "gnu++14";
				CLANG_CXX_LIBRARY = "libc++";
				CLANG_ENABLE_MODULES = YES;
				CLANG_ENABLE_OBJC_ARC = YES;
				CLANG_ENABLE_OBJC_WEAK = YES;
				CLANG_WARN_BLOCK_CAPTURE_AUTORELEASING = YES;
				CLANG_WARN_BOOL_CONVERSION = YES;
				CLANG_WARN_COMMA = YES;
				CLANG_WARN_CONSTANT_CONVERSION = YES;
				CLANG_WARN_DEPRECATED_OBJC_IMPLEMENTATIONS = YES;
				CLANG_WARN_DIRECT_OBJC_ISA_USAGE = YES_ERROR;
				CLANG_WARN_DOCUMENTATION_COMMENTS = YES;
				CLANG_WARN_EMPTY_BODY = YES;
				CLANG_WARN_ENUM_CONVERSION = YES;
				CLANG_WARN_INFINITE_RECURSION = YES;
				CLANG_WARN_INT_CONVERSION = YES;
				CLANG_WARN_NON_LITERAL_NULL_CONVERSION = YES;
				CLANG_WARN_OBJC_IMPLICIT_RETAIN_SELF = YES;
				CLANG_WARN_OBJC_LITERAL_CONVERSION = YES;
				CLANG_WARN_OBJC_ROOT_CLASS = YES_ERROR;
				CLANG_WARN_QUOTED_INCLUDE_IN_FRAMEWORK_HEADER = YES;
				CLANG_WARN_RANGE_LOOP_ANALYSIS = YES;
				CLANG_WARN_STRICT_PROTOTYPES = YES;
				CLANG_WARN_SUSPICIOUS_MOVE = YES;
				CLANG_WARN_UNGUARDED_AVAILABILITY = YES_AGGRESSIVE;
				CLANG_WARN_UNREACHABLE_CODE = YES;
				CLANG_WARN__DUPLICATE_METHOD_MATCH = YES;
				COPY_PHASE_STRIP = NO;
				DEBUG_INFORMATION_FORMAT = dwarf;
				ENABLE_STRICT_OBJC_MSGSEND = YES;
				ENABLE_TESTABILITY = YES;
				GCC_C_LANGUAGE_STANDARD = gnu11;
				GCC_DYNAMIC_NO_PIC = NO;
				GCC_NO_COMMON_BLOCKS = YES;
				GCC_OPTIMIZATION_LEVEL = 0;
				GCC_PREPROCESSOR_DEFINITIONS = (
					"DEBUG=1",
					"$(inherited)",
				);
				GCC_WARN_64_TO_32_BIT_CONVERSION = YES;
				GCC_WARN_ABOUT_RETURN_TYPE = YES_ERROR;
				GCC_WARN_UNDECLARED_SELECTOR = YES;
				GCC_WARN_UNINITIALIZED_AUTOS = YES_AGGRESSIVE;
				GCC_WARN_UNUSED_FUNCTION = YES;
				GCC_WARN_UNUSED_VARIABLE = YES;
				IPHONEOS_DEPLOYMENT_TARGET = 14.5;
				MTL_ENABLE_DEBUG_INFO = INCLUDE_SOURCE;
				MTL_FAST_MATH = YES;
				ONLY_ACTIVE_ARCH = YES;
				SDKROOT = iphoneos;
				SWIFT_ACTIVE_COMPILATION_CONDITIONS = DEBUG;
				SWIFT_OPTIMIZATION_LEVEL = "-Onone";
			};
			name = Debug;
		};
		5844EF5D269048DE00F0134A /* Release */ = {
			isa = XCBuildConfiguration;
			buildSettings = {
				ALWAYS_SEARCH_USER_PATHS = NO;
				CLANG_ANALYZER_NONNULL = YES;
				CLANG_ANALYZER_NUMBER_OBJECT_CONVERSION = YES_AGGRESSIVE;
				CLANG_CXX_LANGUAGE_STANDARD = "gnu++14";
				CLANG_CXX_LIBRARY = "libc++";
				CLANG_ENABLE_MODULES = YES;
				CLANG_ENABLE_OBJC_ARC = YES;
				CLANG_ENABLE_OBJC_WEAK = YES;
				CLANG_WARN_BLOCK_CAPTURE_AUTORELEASING = YES;
				CLANG_WARN_BOOL_CONVERSION = YES;
				CLANG_WARN_COMMA = YES;
				CLANG_WARN_CONSTANT_CONVERSION = YES;
				CLANG_WARN_DEPRECATED_OBJC_IMPLEMENTATIONS = YES;
				CLANG_WARN_DIRECT_OBJC_ISA_USAGE = YES_ERROR;
				CLANG_WARN_DOCUMENTATION_COMMENTS = YES;
				CLANG_WARN_EMPTY_BODY = YES;
				CLANG_WARN_ENUM_CONVERSION = YES;
				CLANG_WARN_INFINITE_RECURSION = YES;
				CLANG_WARN_INT_CONVERSION = YES;
				CLANG_WARN_NON_LITERAL_NULL_CONVERSION = YES;
				CLANG_WARN_OBJC_IMPLICIT_RETAIN_SELF = YES;
				CLANG_WARN_OBJC_LITERAL_CONVERSION = YES;
				CLANG_WARN_OBJC_ROOT_CLASS = YES_ERROR;
				CLANG_WARN_QUOTED_INCLUDE_IN_FRAMEWORK_HEADER = YES;
				CLANG_WARN_RANGE_LOOP_ANALYSIS = YES;
				CLANG_WARN_STRICT_PROTOTYPES = YES;
				CLANG_WARN_SUSPICIOUS_MOVE = YES;
				CLANG_WARN_UNGUARDED_AVAILABILITY = YES_AGGRESSIVE;
				CLANG_WARN_UNREACHABLE_CODE = YES;
				CLANG_WARN__DUPLICATE_METHOD_MATCH = YES;
				COPY_PHASE_STRIP = NO;
				DEBUG_INFORMATION_FORMAT = "dwarf-with-dsym";
				ENABLE_NS_ASSERTIONS = NO;
				ENABLE_STRICT_OBJC_MSGSEND = YES;
				GCC_C_LANGUAGE_STANDARD = gnu11;
				GCC_NO_COMMON_BLOCKS = YES;
				GCC_WARN_64_TO_32_BIT_CONVERSION = YES;
				GCC_WARN_ABOUT_RETURN_TYPE = YES_ERROR;
				GCC_WARN_UNDECLARED_SELECTOR = YES;
				GCC_WARN_UNINITIALIZED_AUTOS = YES_AGGRESSIVE;
				GCC_WARN_UNUSED_FUNCTION = YES;
				GCC_WARN_UNUSED_VARIABLE = YES;
				IPHONEOS_DEPLOYMENT_TARGET = 14.5;
				MTL_ENABLE_DEBUG_INFO = NO;
				MTL_FAST_MATH = YES;
				SDKROOT = iphoneos;
				SWIFT_COMPILATION_MODE = wholemodule;
				SWIFT_OPTIMIZATION_LEVEL = "-O";
				VALIDATE_PRODUCT = YES;
			};
			name = Release;
		};
		5844EF5F269048DE00F0134A /* Debug */ = {
			isa = XCBuildConfiguration;
			buildSettings = {
				ASSETCATALOG_COMPILER_APPICON_NAME = AppIcon;
				ASSETCATALOG_COMPILER_GLOBAL_ACCENT_COLOR_NAME = AccentColor;
				CODE_SIGN_STYLE = Automatic;
				DEVELOPMENT_ASSET_PATHS = "\"EmojiArt/Preview Content\"";
				DEVELOPMENT_TEAM = 88J9TEV869;
				ENABLE_PREVIEWS = YES;
				INFOPLIST_FILE = EmojiArt/Info.plist;
				LD_RUNPATH_SEARCH_PATHS = (
					"$(inherited)",
					"@executable_path/Frameworks",
				);
				PRODUCT_BUNDLE_IDENTIFIER = thiagoAM.EmojiArt;
				PRODUCT_NAME = "$(TARGET_NAME)";
				SWIFT_VERSION = 5.0;
				TARGETED_DEVICE_FAMILY = "1,2";
			};
			name = Debug;
		};
		5844EF60269048DE00F0134A /* Release */ = {
			isa = XCBuildConfiguration;
			buildSettings = {
				ASSETCATALOG_COMPILER_APPICON_NAME = AppIcon;
				ASSETCATALOG_COMPILER_GLOBAL_ACCENT_COLOR_NAME = AccentColor;
				CODE_SIGN_STYLE = Automatic;
				DEVELOPMENT_ASSET_PATHS = "\"EmojiArt/Preview Content\"";
				DEVELOPMENT_TEAM = 88J9TEV869;
				ENABLE_PREVIEWS = YES;
				INFOPLIST_FILE = EmojiArt/Info.plist;
				LD_RUNPATH_SEARCH_PATHS = (
					"$(inherited)",
					"@executable_path/Frameworks",
				);
				PRODUCT_BUNDLE_IDENTIFIER = thiagoAM.EmojiArt;
				PRODUCT_NAME = "$(TARGET_NAME)";
				SWIFT_VERSION = 5.0;
				TARGETED_DEVICE_FAMILY = "1,2";
			};
			name = Release;
		};
/* End XCBuildConfiguration section */

/* Begin XCConfigurationList section */
		5844EF45269048DD00F0134A /* Build configuration list for PBXProject "EmojiArt" */ = {
			isa = XCConfigurationList;
			buildConfigurations = (
				5844EF5C269048DE00F0134A /* Debug */,
				5844EF5D269048DE00F0134A /* Release */,
			);
			defaultConfigurationIsVisible = 0;
			defaultConfigurationName = Release;
		};
		5844EF5E269048DE00F0134A /* Build configuration list for PBXNativeTarget "EmojiArt" */ = {
			isa = XCConfigurationList;
			buildConfigurations = (
				5844EF5F269048DE00F0134A /* Debug */,
				5844EF60269048DE00F0134A /* Release */,
			);
			defaultConfigurationIsVisible = 0;
			defaultConfigurationName = Release;
		};
/* End XCConfigurationList section */
	};
	rootObject = 5844EF42269048DD00F0134A /* Project object */;
}
